// !$*UTF8*$!
{
	archiveVersion = 1;
	classes = {
	};
	objectVersion = 55;
	objects = {

/* Begin PBXBuildFile section */
		3F13A46B2852853900149FBB /* AppDelegate.swift in Sources */ = {isa = PBXBuildFile; fileRef = 3F13A46A2852853900149FBB /* AppDelegate.swift */; };
		3F13A46D2852853900149FBB /* SceneDelegate.swift in Sources */ = {isa = PBXBuildFile; fileRef = 3F13A46C2852853900149FBB /* SceneDelegate.swift */; };
		3F13A4722852853A00149FBB /* Main.storyboard in Resources */ = {isa = PBXBuildFile; fileRef = 3F13A4702852853A00149FBB /* Main.storyboard */; };
		3F13A4742852853C00149FBB /* Assets.xcassets in Resources */ = {isa = PBXBuildFile; fileRef = 3F13A4732852853C00149FBB /* Assets.xcassets */; };
		3F13A4772852853C00149FBB /* LaunchScreen.storyboard in Resources */ = {isa = PBXBuildFile; fileRef = 3F13A4752852853C00149FBB /* LaunchScreen.storyboard */; };
		3F13A4802852868200149FBB /* NewsTableViewController.swift in Sources */ = {isa = PBXBuildFile; fileRef = 3F13A47F2852868200149FBB /* NewsTableViewController.swift */; };
		3FCEFD1028528D0C002B4559 /* Article.swift in Sources */ = {isa = PBXBuildFile; fileRef = 3FCEFD0F28528D0C002B4559 /* Article.swift */; };
		3FCEFD1328529423002B4559 /* ArticleTableViewCell.swift in Sources */ = {isa = PBXBuildFile; fileRef = 3FCEFD1228529423002B4559 /* ArticleTableViewCell.swift */; };
		3FCEFD16285296B7002B4559 /* URLRequestExtensions.swift in Sources */ = {isa = PBXBuildFile; fileRef = 3FCEFD15285296B7002B4559 /* URLRequestExtensions.swift */; };
		DB1D233E77C64C38FE7676AA /* Pods_rxswift_newsapp.framework in Frameworks */ = {isa = PBXBuildFile; fileRef = 2FC5E778EE6A71E7A4CA195D /* Pods_rxswift_newsapp.framework */; };
/* End PBXBuildFile section */

/* Begin PBXFileReference section */
		033F1974555562546D33F058 /* Pods-rxswift-newsapp.debug.xcconfig */ = {isa = PBXFileReference; includeInIndex = 1; lastKnownFileType = text.xcconfig; name = "Pods-rxswift-newsapp.debug.xcconfig"; path = "Target Support Files/Pods-rxswift-newsapp/Pods-rxswift-newsapp.debug.xcconfig"; sourceTree = "<group>"; };
		0CF26DB9A4C390977CE8CD76 /* Pods-rxswift-newsapp.release.xcconfig */ = {isa = PBXFileReference; includeInIndex = 1; lastKnownFileType = text.xcconfig; name = "Pods-rxswift-newsapp.release.xcconfig"; path = "Target Support Files/Pods-rxswift-newsapp/Pods-rxswift-newsapp.release.xcconfig"; sourceTree = "<group>"; };
		2FC5E778EE6A71E7A4CA195D /* Pods_rxswift_newsapp.framework */ = {isa = PBXFileReference; explicitFileType = wrapper.framework; includeInIndex = 0; path = Pods_rxswift_newsapp.framework; sourceTree = BUILT_PRODUCTS_DIR; };
		3F13A4672852853900149FBB /* rxswift-newsapp.app */ = {isa = PBXFileReference; explicitFileType = wrapper.application; includeInIndex = 0; path = "rxswift-newsapp.app"; sourceTree = BUILT_PRODUCTS_DIR; };
		3F13A46A2852853900149FBB /* AppDelegate.swift */ = {isa = PBXFileReference; lastKnownFileType = sourcecode.swift; path = AppDelegate.swift; sourceTree = "<group>"; };
		3F13A46C2852853900149FBB /* SceneDelegate.swift */ = {isa = PBXFileReference; lastKnownFileType = sourcecode.swift; path = SceneDelegate.swift; sourceTree = "<group>"; };
		3F13A4712852853A00149FBB /* Base */ = {isa = PBXFileReference; lastKnownFileType = file.storyboard; name = Base; path = Base.lproj/Main.storyboard; sourceTree = "<group>"; };
		3F13A4732852853C00149FBB /* Assets.xcassets */ = {isa = PBXFileReference; lastKnownFileType = folder.assetcatalog; path = Assets.xcassets; sourceTree = "<group>"; };
		3F13A4762852853C00149FBB /* Base */ = {isa = PBXFileReference; lastKnownFileType = file.storyboard; name = Base; path = Base.lproj/LaunchScreen.storyboard; sourceTree = "<group>"; };
		3F13A4782852853C00149FBB /* Info.plist */ = {isa = PBXFileReference; lastKnownFileType = text.plist.xml; path = Info.plist; sourceTree = "<group>"; };
		3F13A47F2852868200149FBB /* NewsTableViewController.swift */ = {isa = PBXFileReference; lastKnownFileType = sourcecode.swift; path = NewsTableViewController.swift; sourceTree = "<group>"; };
		3FCEFD0F28528D0C002B4559 /* Article.swift */ = {isa = PBXFileReference; lastKnownFileType = sourcecode.swift; path = Article.swift; sourceTree = "<group>"; };
		3FCEFD1228529423002B4559 /* ArticleTableViewCell.swift */ = {isa = PBXFileReference; lastKnownFileType = sourcecode.swift; path = ArticleTableViewCell.swift; sourceTree = "<group>"; };
		3FCEFD15285296B7002B4559 /* URLRequestExtensions.swift */ = {isa = PBXFileReference; lastKnownFileType = sourcecode.swift; path = URLRequestExtensions.swift; sourceTree = "<group>"; };
/* End PBXFileReference section */

/* Begin PBXFrameworksBuildPhase section */
		3F13A4642852853900149FBB /* Frameworks */ = {
			isa = PBXFrameworksBuildPhase;
			buildActionMask = 2147483647;
			files = (
				DB1D233E77C64C38FE7676AA /* Pods_rxswift_newsapp.framework in Frameworks */,
			);
			runOnlyForDeploymentPostprocessing = 0;
		};
/* End PBXFrameworksBuildPhase section */

/* Begin PBXGroup section */
		3F13A45E2852853900149FBB = {
			isa = PBXGroup;
			children = (
				3F13A4692852853900149FBB /* rxswift-newsapp */,
				3F13A4682852853900149FBB /* Products */,
				4243747E836EF12E63A4948B /* Pods */,
				4FAD94FC338DA90C76231291 /* Frameworks */,
			);
			sourceTree = "<group>";
		};
		3F13A4682852853900149FBB /* Products */ = {
			isa = PBXGroup;
			children = (
				3F13A4672852853900149FBB /* rxswift-newsapp.app */,
			);
			name = Products;
			sourceTree = "<group>";
		};
		3F13A4692852853900149FBB /* rxswift-newsapp */ = {
			isa = PBXGroup;
			children = (
				3FCEFD14285296A8002B4559 /* Extensions */,
				3FCEFD1128529416002B4559 /* Cells */,
				3FCEFD0E28528CB6002B4559 /* Models */,
				3F13A47E2852866F00149FBB /* Controllers */,
				3F13A46A2852853900149FBB /* AppDelegate.swift */,
				3F13A46C2852853900149FBB /* SceneDelegate.swift */,
				3F13A4702852853A00149FBB /* Main.storyboard */,
				3F13A4732852853C00149FBB /* Assets.xcassets */,
				3F13A4752852853C00149FBB /* LaunchScreen.storyboard */,
				3F13A4782852853C00149FBB /* Info.plist */,
			);
			path = "rxswift-newsapp";
			sourceTree = "<group>";
		};
		3F13A47E2852866F00149FBB /* Controllers */ = {
			isa = PBXGroup;
			children = (
				3F13A47F2852868200149FBB /* NewsTableViewController.swift */,
			);
			path = Controllers;
			sourceTree = "<group>";
		};
		3FCEFD0E28528CB6002B4559 /* Models */ = {
			isa = PBXGroup;
			children = (
				3FCEFD0F28528D0C002B4559 /* Article.swift */,
			);
			path = Models;
			sourceTree = "<group>";
		};
		3FCEFD1128529416002B4559 /* Cells */ = {
			isa = PBXGroup;
			children = (
				3FCEFD1228529423002B4559 /* ArticleTableViewCell.swift */,
			);
			path = Cells;
			sourceTree = "<group>";
		};
		3FCEFD14285296A8002B4559 /* Extensions */ = {
			isa = PBXGroup;
			children = (
				3FCEFD15285296B7002B4559 /* URLRequestExtensions.swift */,
			);
			path = Extensions;
			sourceTree = "<group>";
		};
		4243747E836EF12E63A4948B /* Pods */ = {
			isa = PBXGroup;
			children = (
				033F1974555562546D33F058 /* Pods-rxswift-newsapp.debug.xcconfig */,
				0CF26DB9A4C390977CE8CD76 /* Pods-rxswift-newsapp.release.xcconfig */,
			);
			path = Pods;
			sourceTree = "<group>";
		};
		4FAD94FC338DA90C76231291 /* Frameworks */ = {
			isa = PBXGroup;
			children = (
				2FC5E778EE6A71E7A4CA195D /* Pods_rxswift_newsapp.framework */,
			);
			name = Frameworks;
			sourceTree = "<group>";
		};
/* End PBXGroup section */

/* Begin PBXNativeTarget section */
		3F13A4662852853900149FBB /* rxswift-newsapp */ = {
			isa = PBXNativeTarget;
			buildConfigurationList = 3F13A47B2852853C00149FBB /* Build configuration list for PBXNativeTarget "rxswift-newsapp" */;
			buildPhases = (
				810DDA8E0199D2CD85E973F5 /* [CP] Check Pods Manifest.lock */,
				3F13A4632852853900149FBB /* Sources */,
				3F13A4642852853900149FBB /* Frameworks */,
				3F13A4652852853900149FBB /* Resources */,
				96D5A38D584D9C97202110FB /* [CP] Embed Pods Frameworks */,
			);
			buildRules = (
			);
			dependencies = (
			);
			name = "rxswift-newsapp";
			productName = "rxswift-newsapp";
			productReference = 3F13A4672852853900149FBB /* rxswift-newsapp.app */;
			productType = "com.apple.product-type.application";
		};
/* End PBXNativeTarget section */

/* Begin PBXProject section */
		3F13A45F2852853900149FBB /* Project object */ = {
			isa = PBXProject;
			attributes = {
				BuildIndependentTargetsInParallel = 1;
				LastSwiftUpdateCheck = 1340;
				LastUpgradeCheck = 1340;
				TargetAttributes = {
					3F13A4662852853900149FBB = {
						CreatedOnToolsVersion = 13.4.1;
					};
				};
			};
			buildConfigurationList = 3F13A4622852853900149FBB /* Build configuration list for PBXProject "rxswift-newsapp" */;
			compatibilityVersion = "Xcode 13.0";
			developmentRegion = en;
			hasScannedForEncodings = 0;
			knownRegions = (
				en,
				Base,
			);
			mainGroup = 3F13A45E2852853900149FBB;
			productRefGroup = 3F13A4682852853900149FBB /* Products */;
			projectDirPath = "";
			projectRoot = "";
			targets = (
				3F13A4662852853900149FBB /* rxswift-newsapp */,
			);
		};
/* End PBXProject section */

/* Begin PBXResourcesBuildPhase section */
		3F13A4652852853900149FBB /* Resources */ = {
			isa = PBXResourcesBuildPhase;
			buildActionMask = 2147483647;
			files = (
				3F13A4772852853C00149FBB /* LaunchScreen.storyboard in Resources */,
				3F13A4742852853C00149FBB /* Assets.xcassets in Resources */,
				3F13A4722852853A00149FBB /* Main.storyboard in Resources */,
			);
			runOnlyForDeploymentPostprocessing = 0;
		};
/* End PBXResourcesBuildPhase section */

/* Begin PBXShellScriptBuildPhase section */
		810DDA8E0199D2CD85E973F5 /* [CP] Check Pods Manifest.lock */ = {
			isa = PBXShellScriptBuildPhase;
			buildActionMask = 2147483647;
			files = (
			);
			inputFileListPaths = (
			);
			inputPaths = (
				"${PODS_PODFILE_DIR_PATH}/Podfile.lock",
				"${PODS_ROOT}/Manifest.lock",
			);
			name = "[CP] Check Pods Manifest.lock";
			outputFileListPaths = (
			);
			outputPaths = (
				"$(DERIVED_FILE_DIR)/Pods-rxswift-newsapp-checkManifestLockResult.txt",
			);
			runOnlyForDeploymentPostprocessing = 0;
			shellPath = /bin/sh;
			shellScript = "diff \"${PODS_PODFILE_DIR_PATH}/Podfile.lock\" \"${PODS_ROOT}/Manifest.lock\" > /dev/null\nif [ $? != 0 ] ; then\n    # print error to STDERR\n    echo \"error: The sandbox is not in sync with the Podfile.lock. Run 'pod install' or update your CocoaPods installation.\" >&2\n    exit 1\nfi\n# This output is used by Xcode 'outputs' to avoid re-running this script phase.\necho \"SUCCESS\" > \"${SCRIPT_OUTPUT_FILE_0}\"\n";
			showEnvVarsInLog = 0;
		};
		96D5A38D584D9C97202110FB /* [CP] Embed Pods Frameworks */ = {
			isa = PBXShellScriptBuildPhase;
			buildActionMask = 2147483647;
			files = (
			);
			inputFileListPaths = (
				"${PODS_ROOT}/Target Support Files/Pods-rxswift-newsapp/Pods-rxswift-newsapp-frameworks-${CONFIGURATION}-input-files.xcfilelist",
			);
			name = "[CP] Embed Pods Frameworks";
			outputFileListPaths = (
				"${PODS_ROOT}/Target Support Files/Pods-rxswift-newsapp/Pods-rxswift-newsapp-frameworks-${CONFIGURATION}-output-files.xcfilelist",
			);
			runOnlyForDeploymentPostprocessing = 0;
			shellPath = /bin/sh;
			shellScript = "\"${PODS_ROOT}/Target Support Files/Pods-rxswift-newsapp/Pods-rxswift-newsapp-frameworks.sh\"\n";
			showEnvVarsInLog = 0;
		};
/* End PBXShellScriptBuildPhase section */

/* Begin PBXSourcesBuildPhase section */
		3F13A4632852853900149FBB /* Sources */ = {
			isa = PBXSourcesBuildPhase;
			buildActionMask = 2147483647;
			files = (
				3F13A4802852868200149FBB /* NewsTableViewController.swift in Sources */,
				3FCEFD16285296B7002B4559 /* URLRequestExtensions.swift in Sources */,
				3F13A46B2852853900149FBB /* AppDelegate.swift in Sources */,
				3F13A46D2852853900149FBB /* SceneDelegate.swift in Sources */,
				3FCEFD1328529423002B4559 /* ArticleTableViewCell.swift in Sources */,
				3FCEFD1028528D0C002B4559 /* Article.swift in Sources */,
			);
			runOnlyForDeploymentPostprocessing = 0;
		};
/* End PBXSourcesBuildPhase section */

/* Begin PBXVariantGroup section */
		3F13A4702852853A00149FBB /* Main.storyboard */ = {
			isa = PBXVariantGroup;
			children = (
				3F13A4712852853A00149FBB /* Base */,
			);
			name = Main.storyboard;
			sourceTree = "<group>";
		};
		3F13A4752852853C00149FBB /* LaunchScreen.storyboard */ = {
			isa = PBXVariantGroup;
			children = (
				3F13A4762852853C00149FBB /* Base */,
			);
			name = LaunchScreen.storyboard;
			sourceTree = "<group>";
		};
/* End PBXVariantGroup section */

/* Begin XCBuildConfiguration section */
		3F13A4792852853C00149FBB /* Debug */ = {
			isa = XCBuildConfiguration;
			buildSettings = {
				ALWAYS_SEARCH_USER_PATHS = NO;
				CLANG_ANALYZER_NONNULL = YES;
				CLANG_ANALYZER_NUMBER_OBJECT_CONVERSION = YES_AGGRESSIVE;
				CLANG_CXX_LANGUAGE_STANDARD = "gnu++17";
				CLANG_ENABLE_MODULES = YES;
				CLANG_ENABLE_OBJC_ARC = YES;
				CLANG_ENABLE_OBJC_WEAK = YES;
				CLANG_WARN_BLOCK_CAPTURE_AUTORELEASING = YES;
				CLANG_WARN_BOOL_CONVERSION = YES;
				CLANG_WARN_COMMA = YES;
				CLANG_WARN_CONSTANT_CONVERSION = YES;
				CLANG_WARN_DEPRECATED_OBJC_IMPLEMENTATIONS = YES;
				CLANG_WARN_DIRECT_OBJC_ISA_USAGE = YES_ERROR;
				CLANG_WARN_DOCUMENTATION_COMMENTS = YES;
				CLANG_WARN_EMPTY_BODY = YES;
				CLANG_WARN_ENUM_CONVERSION = YES;
				CLANG_WARN_INFINITE_RECURSION = YES;
				CLANG_WARN_INT_CONVERSION = YES;
				CLANG_WARN_NON_LITERAL_NULL_CONVERSION = YES;
				CLANG_WARN_OBJC_IMPLICIT_RETAIN_SELF = YES;
				CLANG_WARN_OBJC_LITERAL_CONVERSION = YES;
				CLANG_WARN_OBJC_ROOT_CLASS = YES_ERROR;
				CLANG_WARN_QUOTED_INCLUDE_IN_FRAMEWORK_HEADER = YES;
				CLANG_WARN_RANGE_LOOP_ANALYSIS = YES;
				CLANG_WARN_STRICT_PROTOTYPES = YES;
				CLANG_WARN_SUSPICIOUS_MOVE = YES;
				CLANG_WARN_UNGUARDED_AVAILABILITY = YES_AGGRESSIVE;
				CLANG_WARN_UNREACHABLE_CODE = YES;
				CLANG_WARN__DUPLICATE_METHOD_MATCH = YES;
				COPY_PHASE_STRIP = NO;
				DEBUG_INFORMATION_FORMAT = dwarf;
				ENABLE_STRICT_OBJC_MSGSEND = YES;
				ENABLE_TESTABILITY = YES;
				GCC_C_LANGUAGE_STANDARD = gnu11;
				GCC_DYNAMIC_NO_PIC = NO;
				GCC_NO_COMMON_BLOCKS = YES;
				GCC_OPTIMIZATION_LEVEL = 0;
				GCC_PREPROCESSOR_DEFINITIONS = (
					"DEBUG=1",
					"$(inherited)",
				);
				GCC_WARN_64_TO_32_BIT_CONVERSION = YES;
				GCC_WARN_ABOUT_RETURN_TYPE = YES_ERROR;
				GCC_WARN_UNDECLARED_SELECTOR = YES;
				GCC_WARN_UNINITIALIZED_AUTOS = YES_AGGRESSIVE;
				GCC_WARN_UNUSED_FUNCTION = YES;
				GCC_WARN_UNUSED_VARIABLE = YES;
				IPHONEOS_DEPLOYMENT_TARGET = 15.5;
				MTL_ENABLE_DEBUG_INFO = INCLUDE_SOURCE;
				MTL_FAST_MATH = YES;
				ONLY_ACTIVE_ARCH = YES;
				SDKROOT = iphoneos;
				SWIFT_ACTIVE_COMPILATION_CONDITIONS = DEBUG;
				SWIFT_OPTIMIZATION_LEVEL = "-Onone";
			};
			name = Debug;
		};
		3F13A47A2852853C00149FBB /* Release */ = {
			isa = XCBuildConfiguration;
			buildSettings = {
				ALWAYS_SEARCH_USER_PATHS = NO;
				CLANG_ANALYZER_NONNULL = YES;
				CLANG_ANALYZER_NUMBER_OBJECT_CONVERSION = YES_AGGRESSIVE;
				CLANG_CXX_LANGUAGE_STANDARD = "gnu++17";
				CLANG_ENABLE_MODULES = YES;
				CLANG_ENABLE_OBJC_ARC = YES;
				CLANG_ENABLE_OBJC_WEAK = YES;
				CLANG_WARN_BLOCK_CAPTURE_AUTORELEASING = YES;
				CLANG_WARN_BOOL_CONVERSION = YES;
				CLANG_WARN_COMMA = YES;
				CLANG_WARN_CONSTANT_CONVERSION = YES;
				CLANG_WARN_DEPRECATED_OBJC_IMPLEMENTATIONS = YES;
				CLANG_WARN_DIRECT_OBJC_ISA_USAGE = YES_ERROR;
				CLANG_WARN_DOCUMENTATION_COMMENTS = YES;
				CLANG_WARN_EMPTY_BODY = YES;
				CLANG_WARN_ENUM_CONVERSION = YES;
				CLANG_WARN_INFINITE_RECURSION = YES;
				CLANG_WARN_INT_CONVERSION = YES;
				CLANG_WARN_NON_LITERAL_NULL_CONVERSION = YES;
				CLANG_WARN_OBJC_IMPLICIT_RETAIN_SELF = YES;
				CLANG_WARN_OBJC_LITERAL_CONVERSION = YES;
				CLANG_WARN_OBJC_ROOT_CLASS = YES_ERROR;
				CLANG_WARN_QUOTED_INCLUDE_IN_FRAMEWORK_HEADER = YES;
				CLANG_WARN_RANGE_LOOP_ANALYSIS = YES;
				CLANG_WARN_STRICT_PROTOTYPES = YES;
				CLANG_WARN_SUSPICIOUS_MOVE = YES;
				CLANG_WARN_UNGUARDED_AVAILABILITY = YES_AGGRESSIVE;
				CLANG_WARN_UNREACHABLE_CODE = YES;
				CLANG_WARN__DUPLICATE_METHOD_MATCH = YES;
				COPY_PHASE_STRIP = NO;
				DEBUG_INFORMATION_FORMAT = "dwarf-with-dsym";
				ENABLE_NS_ASSERTIONS = NO;
				ENABLE_STRICT_OBJC_MSGSEND = YES;
				GCC_C_LANGUAGE_STANDARD = gnu11;
				GCC_NO_COMMON_BLOCKS = YES;
				GCC_WARN_64_TO_32_BIT_CONVERSION = YES;
				GCC_WARN_ABOUT_RETURN_TYPE = YES_ERROR;
				GCC_WARN_UNDECLARED_SELECTOR = YES;
				GCC_WARN_UNINITIALIZED_AUTOS = YES_AGGRESSIVE;
				GCC_WARN_UNUSED_FUNCTION = YES;
				GCC_WARN_UNUSED_VARIABLE = YES;
				IPHONEOS_DEPLOYMENT_TARGET = 15.5;
				MTL_ENABLE_DEBUG_INFO = NO;
				MTL_FAST_MATH = YES;
				SDKROOT = iphoneos;
				SWIFT_COMPILATION_MODE = wholemodule;
				SWIFT_OPTIMIZATION_LEVEL = "-O";
				VALIDATE_PRODUCT = YES;
			};
			name = Release;
		};
		3F13A47C2852853C00149FBB /* Debug */ = {
			isa = XCBuildConfiguration;
			baseConfigurationReference = 033F1974555562546D33F058 /* Pods-rxswift-newsapp.debug.xcconfig */;
			buildSettings = {
				ASSETCATALOG_COMPILER_APPICON_NAME = AppIcon;
				ASSETCATALOG_COMPILER_GLOBAL_ACCENT_COLOR_NAME = AccentColor;
				CODE_SIGN_STYLE = Automatic;
				CURRENT_PROJECT_VERSION = 1;
				DEVELOPMENT_TEAM = EUPL5H953B;
				GENERATE_INFOPLIST_FILE = YES;
				INFOPLIST_FILE = "rxswift-newsapp/Info.plist";
				INFOPLIST_KEY_UIApplicationSupportsIndirectInputEvents = YES;
				INFOPLIST_KEY_UILaunchStoryboardName = LaunchScreen;
				INFOPLIST_KEY_UIMainStoryboardFile = Main;
				INFOPLIST_KEY_UISupportedInterfaceOrientations_iPad = "UIInterfaceOrientationPortrait UIInterfaceOrientationPortraitUpsideDown UIInterfaceOrientationLandscapeLeft UIInterfaceOrientationLandscapeRight";
				INFOPLIST_KEY_UISupportedInterfaceOrientations_iPhone = "UIInterfaceOrientationPortrait UIInterfaceOrientationLandscapeLeft UIInterfaceOrientationLandscapeRight";
				LD_RUNPATH_SEARCH_PATHS = (
					"$(inherited)",
					"@executable_path/Frameworks",
				);
				MARKETING_VERSION = 1.0;
				PRODUCT_BUNDLE_IDENTIFIER = "studiostorquato.rxswift-newsapp";
				PRODUCT_NAME = "$(TARGET_NAME)";
				SWIFT_EMIT_LOC_STRINGS = YES;
				SWIFT_VERSION = 5.0;
				TARGETED_DEVICE_FAMILY = "1,2";
			};
			name = Debug;
		};
		3F13A47D2852853C00149FBB /* Release */ = {
			isa = XCBuildConfiguration;
			baseConfigurationReference = 0CF26DB9A4C390977CE8CD76 /* Pods-rxswift-newsapp.release.xcconfig */;
			buildSettings = {
				ASSETCATALOG_COMPILER_APPICON_NAME = AppIcon;
				ASSETCATALOG_COMPILER_GLOBAL_ACCENT_COLOR_NAME = AccentColor;
				CODE_SIGN_STYLE = Automatic;
				CURRENT_PROJECT_VERSION = 1;
				DEVELOPMENT_TEAM = EUPL5H953B;
				GENERATE_INFOPLIST_FILE = YES;
				INFOPLIST_FILE = "rxswift-newsapp/Info.plist";
				INFOPLIST_KEY_UIApplicationSupportsIndirectInputEvents = YES;
				INFOPLIST_KEY_UILaunchStoryboardName = LaunchScreen;
				INFOPLIST_KEY_UIMainStoryboardFile = Main;
				INFOPLIST_KEY_UISupportedInterfaceOrientations_iPad = "UIInterfaceOrientationPortrait UIInterfaceOrientationPortraitUpsideDown UIInterfaceOrientationLandscapeLeft UIInterfaceOrientationLandscapeRight";
				INFOPLIST_KEY_UISupportedInterfaceOrientations_iPhone = "UIInterfaceOrientationPortrait UIInterfaceOrientationLandscapeLeft UIInterfaceOrientationLandscapeRight";
				LD_RUNPATH_SEARCH_PATHS = (
					"$(inherited)",
					"@executable_path/Frameworks",
				);
				MARKETING_VERSION = 1.0;
				PRODUCT_BUNDLE_IDENTIFIER = "studiostorquato.rxswift-newsapp";
				PRODUCT_NAME = "$(TARGET_NAME)";
				SWIFT_EMIT_LOC_STRINGS = YES;
				SWIFT_VERSION = 5.0;
				TARGETED_DEVICE_FAMILY = "1,2";
			};
			name = Release;
		};
/* End XCBuildConfiguration section */

/* Begin XCConfigurationList section */
		3F13A4622852853900149FBB /* Build configuration list for PBXProject "rxswift-newsapp" */ = {
			isa = XCConfigurationList;
			buildConfigurations = (
				3F13A4792852853C00149FBB /* Debug */,
				3F13A47A2852853C00149FBB /* Release */,
			);
			defaultConfigurationIsVisible = 0;
			defaultConfigurationName = Release;
		};
		3F13A47B2852853C00149FBB /* Build configuration list for PBXNativeTarget "rxswift-newsapp" */ = {
			isa = XCConfigurationList;
			buildConfigurations = (
				3F13A47C2852853C00149FBB /* Debug */,
				3F13A47D2852853C00149FBB /* Release */,
			);
			defaultConfigurationIsVisible = 0;
			defaultConfigurationName = Release;
		};
/* End XCConfigurationList section */
	};
	rootObject = 3F13A45F2852853900149FBB /* Project object */;
}
